
Microsoft Visual Studio Solution File, Format Version 12.00
# Visual Studio Version 16
VisualStudioVersion = 16.0.31624.102
MinimumVisualStudioVersion = 10.0.40219.1
Project("{9A19103F-16F7-4668-BE54-9A1E7A4F7556}") = "Minsk.Tests", "Minsk.Tests\Minsk.Tests.csproj", "{6E882B8C-FBB0-4620-86CD-945B532D99D3}"
EndProject
Project("{9A19103F-16F7-4668-BE54-9A1E7A4F7556}") = "lib", "lib\lib.csproj", "{BDBD0CCC-6751-4393-93E7-EFE78303056E}"
EndProject
Project("{9A19103F-16F7-4668-BE54-9A1E7A4F7556}") = "mc", "mc\mc.csproj", "{7D6B3BD3-69D2-42FC-B437-C6272C7E9710}"
EndProject
Global
	GlobalSection(SolutionConfigurationPlatforms) = preSolution
		Debug|Any CPU = Debug|Any CPU
		Release|Any CPU = Release|Any CPU
	EndGlobalSection
	GlobalSection(ProjectConfigurationPlatforms) = postSolution
		{6E882B8C-FBB0-4620-86CD-945B532D99D3}.Debug|Any CPU.ActiveCfg = Debug|Any CPU
		{6E882B8C-FBB0-4620-86CD-945B532D99D3}.Debug|Any CPU.Build.0 = Debug|Any CPU
		{6E882B8C-FBB0-4620-86CD-945B532D99D3}.Release|Any CPU.ActiveCfg = Release|Any CPU
		{6E882B8C-FBB0-4620-86CD-945B532D99D3}.Release|Any CPU.Build.0 = Release|Any CPU
		{BDBD0CCC-6751-4393-93E7-EFE78303056E}.Debug|Any CPU.ActiveCfg = Debug|Any CPU
		{BDBD0CCC-6751-4393-93E7-EFE78303056E}.Debug|Any CPU.Build.0 = Debug|Any CPU
		{BDBD0CCC-6751-4393-93E7-EFE78303056E}.Release|Any CPU.ActiveCfg = Release|Any CPU
		{BDBD0CCC-6751-4393-93E7-EFE78303056E}.Release|Any CPU.Build.0 = Release|Any CPU
		{7D6B3BD3-69D2-42FC-B437-C6272C7E9710}.Debug|Any CPU.ActiveCfg = Debug|Any CPU
		{7D6B3BD3-69D2-42FC-B437-C6272C7E9710}.Debug|Any CPU.Build.0 = Debug|Any CPU
		{7D6B3BD3-69D2-42FC-B437-C6272C7E9710}.Release|Any CPU.ActiveCfg = Release|Any CPU
		{7D6B3BD3-69D2-42FC-B437-C6272C7E9710}.Release|Any CPU.Build.0 = Release|Any CPU
	EndGlobalSection
	GlobalSection(SolutionProperties) = preSolution
		HideSolutionNode = FALSE
	EndGlobalSection
	GlobalSection(ExtensibilityGlobals) = postSolution
		SolutionGuid = {ADE0AEFF-3B18-44EA-B904-44ACC166F52D}
	EndGlobalSection
EndGlobal
